
Microsoft Visual Studio Solution File, Format Version 12.00
# Visual Studio Version 17
VisualStudioVersion = 17.4.33213.308
MinimumVisualStudioVersion = 10.0.40219.1
Project("{9A19103F-16F7-4668-BE54-9A1E7A4F7556}") = "elixir-searcher", "elixir-searcher.csproj", "{06616FDC-0EA4-439A-AE69-B6E77C512DA2}"
EndProject
Global
	GlobalSection(SolutionConfigurationPlatforms) = preSolution
		Debug|Any CPU = Debug|Any CPU
		Release|Any CPU = Release|Any CPU
	EndGlobalSection
	GlobalSection(ProjectConfigurationPlatforms) = postSolution
		{06616FDC-0EA4-439A-AE69-B6E77C512DA2}.Debug|Any CPU.ActiveCfg = Debug|Any CPU
		{06616FDC-0EA4-439A-AE69-B6E77C512DA2}.Debug|Any CPU.Build.0 = Debug|Any CPU
		{06616FDC-0EA4-439A-AE69-B6E77C512DA2}.Release|Any CPU.ActiveCfg = Release|Any CPU
		{06616FDC-0EA4-439A-AE69-B6E77C512DA2}.Release|Any CPU.Build.0 = Release|Any CPU
	EndGlobalSection
	GlobalSection(SolutionProperties) = preSolution
		HideSolutionNode = FALSE
	EndGlobalSection
	GlobalSection(ExtensibilityGlobals) = postSolution
		SolutionGuid = {62892209-873D-4C4E-A11E-A3833A1F5616}
	EndGlobalSection
EndGlobal
